
Microsoft Visual Studio Solution File, Format Version 12.00
# Visual Studio 15
VisualStudioVersion = 15.0.27130.2024
MinimumVisualStudioVersion = 10.0.40219.1
Project("{FAE04EC0-301F-11D3-BF4B-00C04F79EFBC}") = "MacroBuilderExample", "MacroBuilderExample\MacroBuilderExample.csproj", "{437F129A-DB9B-40EF-A6F6-5A310A2BDE3E}"
EndProject
Global
	GlobalSection(SolutionConfigurationPlatforms) = preSolution
		Debug|Any CPU = Debug|Any CPU
		Release|Any CPU = Release|Any CPU
	EndGlobalSection
	GlobalSection(ProjectConfigurationPlatforms) = postSolution
		{437F129A-DB9B-40EF-A6F6-5A310A2BDE3E}.Debug|Any CPU.ActiveCfg = Debug|Any CPU
		{437F129A-DB9B-40EF-A6F6-5A310A2BDE3E}.Debug|Any CPU.Build.0 = Debug|Any CPU
		{437F129A-DB9B-40EF-A6F6-5A310A2BDE3E}.Release|Any CPU.ActiveCfg = Release|Any CPU
		{437F129A-DB9B-40EF-A6F6-5A310A2BDE3E}.Release|Any CPU.Build.0 = Release|Any CPU
	EndGlobalSection
	GlobalSection(SolutionProperties) = preSolution
		HideSolutionNode = FALSE
	EndGlobalSection
	GlobalSection(ExtensibilityGlobals) = postSolution
		SolutionGuid = {35B5786F-C9AB-4D2F-9C6B-2A61B7C02B07}
	EndGlobalSection
EndGlobal
